{
  "nodes": {
    "environments": {
      "inputs": {
        "nixpkgs": [
          "nixpkgs"
        ],
        "rust-overlay": "rust-overlay"
      },
      "locked": {
        "dir": "src",
        "lastModified": 1777000604,
        "narHash": "sha256-LWUItcQwP0tgpAZA3AxQ+frDeOqBs4avdJx7/qDi+qE=",
        "owner": "tymbalodeon",
        "repo": "environments",
        "rev": "099cab8cd28e048e01e0d7ec4d6a9c70902f670c",
        "type": "github"
      },
      "original": {
        "dir": "src",
        "owner": "tymbalodeon",
        "ref": "trunk",
        "repo": "environments",
        "type": "github"
      }
    },
    "nixpkgs": {
      "locked": {
        "lastModified": 1744536153,
        "narHash": "sha256-awS2zRgF4uTwrOKwwiJcByDzDOdo3Q1rPZbiHQg/N38=",
        "owner": "NixOS",
        "repo": "nixpkgs",
        "rev": "18dd725c29603f582cf1900e0d25f9f1063dbf11",
        "type": "github"
      },
      "original": {
        "owner": "NixOS",
        "ref": "nixpkgs-unstable",
        "repo": "nixpkgs",
        "type": "github"
      }
    },
    "nixpkgs_2": {
      "locked": {
        "lastModified": 1777268161,
        "narHash": "sha256-bxrdOn8SCOv8tN4JbTF/TXq7kjo9ag4M+C8yzzIRYbE=",
        "owner": "nixos",
        "repo": "nixpkgs",
        "rev": "1c3fe55ad329cbcb28471bb30f05c9827f724c76",
        "type": "github"
      },
      "original": {
        "owner": "nixos",
        "ref": "nixos-unstable",
        "repo": "nixpkgs",
        "type": "github"
      }
    },
    "nutest": {
      "flake": false,
      "locked": {
        "lastModified": 1772288209,
        "narHash": "sha256-7hdaAHqxDU6HCGFl4UOJJzSEFrXJHXD7RLEau9tCK0A=",
        "owner": "vyadh",
        "repo": "nutest",
        "rev": "d56fdc632b96754153a014c021d65a6633fc5610",
        "type": "github"
      },
      "original": {
        "owner": "vyadh",
        "repo": "nutest",
        "type": "github"
      }
    },
    "root": {
      "inputs": {
        "environments": "environments",
        "nixpkgs": "nixpkgs_2",
        "nutest": "nutest",
        "systems": "systems"
      }
    },
    "rust-overlay": {
      "inputs": {
        "nixpkgs": "nixpkgs"
      },
      "locked": {
        "lastModified": 1777432579,
        "narHash": "sha256-Ce11TStDsqCge2vAAfLKe2+4lDI5cSX5ZYZOuKJBKKQ=",
        "owner": "oxalica",
        "repo": "rust-overlay",
        "rev": "3ecb5e6ab380ced3272ef7fcfe398bffbcc0f152",
        "type": "github"
      },
      "original": {
        "owner": "oxalica",
        "repo": "rust-overlay",
        "type": "github"
      }
    },
    "systems": {
      "locked": {
        "lastModified": 1681028828,
        "narHash": "sha256-Vy1rq5AaRuLzOxct8nz4T6wlgyUR7zLU309k9mBC768=",
        "owner": "nix-systems",
        "repo": "default",
        "rev": "da67096a3b9bf56a91d16901293e51ba5b49a27e",
        "type": "github"
      },
      "original": {
        "owner": "nix-systems",
        "repo": "default",
        "type": "github"
      }
    }
  },
  "root": "root",
  "version": 7
}
