{
  "nodes": {
    "environments": {
      "inputs": {
        "nixpkgs": [
          "nixpkgs"
        ]
      },
      "locked": {
        "dir": "src",
        "lastModified": 1747851450,
        "narHash": "sha256-NntCVlnPNHApnrbpSjm9ltOCqEu49WocpFN6sAx9pNk=",
        "owner": "tymbalodeon",
        "repo": "environments",
        "rev": "d3457152f6e2414ef5c3fd9addcc4fd63ee6bde3",
        "type": "github"
      },
      "original": {
        "dir": "src",
        "owner": "tymbalodeon",
        "ref": "rewrite",
        "repo": "environments",
        "type": "github"
      }
    },
    "nixpkgs": {
      "locked": {
        "lastModified": 1747744144,
        "narHash": "sha256-W7lqHp0qZiENCDwUZ5EX/lNhxjMdNapFnbErcbnP11Q=",
        "owner": "nixos",
        "repo": "nixpkgs",
        "rev": "2795c506fe8fb7b03c36ccb51f75b6df0ab2553f",
        "type": "github"
      },
      "original": {
        "owner": "nixos",
        "ref": "nixos-unstable",
        "repo": "nixpkgs",
        "type": "github"
      }
    },
    "nutest": {
      "flake": false,
      "locked": {
        "lastModified": 1745000154,
        "narHash": "sha256-z8/6NqBbk/VoVjvRl80mZn48edoggCUJfQK6zq+L1JU=",
        "owner": "vyadh",
        "repo": "nutest",
        "rev": "f5b251469aa51c3a95fd1caeac8acbcbccb91a27",
        "type": "github"
      },
      "original": {
        "owner": "vyadh",
        "repo": "nutest",
        "type": "github"
      }
    },
    "root": {
      "inputs": {
        "environments": "environments",
        "nixpkgs": "nixpkgs",
        "nutest": "nutest"
      }
    }
  },
  "root": "root",
  "version": 7
}
