{
  "nodes": {
    "nixpkgs": {
      "locked": {
        "lastModified": 1722185531,
        "narHash": "sha256-veKR07psFoJjINLC8RK4DiLniGGMgF3QMlS4tb74S6k=",
        "owner": "nixos",
        "repo": "nixpkgs",
        "rev": "52ec9ac3b12395ad677e8b62106f0b98c1f8569d",
        "type": "github"
      },
      "original": {
        "owner": "nixos",
        "ref": "nixos-unstable",
        "repo": "nixpkgs",
        "type": "github"
      }
    },
    "nushell-syntax": {
      "flake": false,
      "locked": {
        "lastModified": 1692935709,
        "narHash": "sha256-paayZP6P+tzGnla7k+HrF+dcTKUyU806MTtUeurhvdg=",
        "owner": "stevenxxiu",
        "repo": "sublime_text_nushell",
        "rev": "66b00ff639dc8cecb688a0e1d81d13613b772f66",
        "type": "github"
      },
      "original": {
        "owner": "stevenxxiu",
        "repo": "sublime_text_nushell",
        "type": "github"
      }
    },
    "root": {
      "inputs": {
        "nixpkgs": "nixpkgs",
        "nushell-syntax": "nushell-syntax"
      }
    }
  },
  "root": "root",
  "version": 7
}
